
Microsoft Visual Studio Solution File, Format Version 12.00
# Visual Studio 14
VisualStudioVersion = 14.0.23107.0
MinimumVisualStudioVersion = 10.0.40219.1
Project("{FAE04EC0-301F-11D3-BF4B-00C04F79EFBC}") = "Systemic.Sif.Framework", "Systemic.Sif.Framework\Systemic.Sif.Framework.csproj", "{1CD821EA-8CEB-4CD3-821D-08B49A835D91}"
EndProject
Project("{FAE04EC0-301F-11D3-BF4B-00C04F79EFBC}") = "Systemic.Sif.Demo.Publishing.XmlString", "Systemic.Sif.Demo.Publishing.XmlString\Systemic.Sif.Demo.Publishing.XmlString.csproj", "{1E0FACD7-FE96-4ABF-968B-FB0CB3A7C3AC}"
EndProject
Project("{FAE04EC0-301F-11D3-BF4B-00C04F79EFBC}") = "Systemic.Sif.Demo.Subscribing.Print", "Systemic.Sif.Demo.Subscribing.Print\Systemic.Sif.Demo.Subscribing.Print.csproj", "{27839B8F-6959-4360-9564-65137C17C192}"
EndProject
Project("{FAE04EC0-301F-11D3-BF4B-00C04F79EFBC}") = "Systemic.Sif.Demo.Publishing.XmlFile", "Systemic.Sif.Demo.Publishing.XmlFile\Systemic.Sif.Demo.Publishing.XmlFile.csproj", "{7FC01CB4-49EE-4BCE-AF18-53CC3A4BC3BF}"
EndProject
Project("{FAE04EC0-301F-11D3-BF4B-00C04F79EFBC}") = "Systemic.Sif.Demo.Publishing.Database", "Systemic.Sif.Demo.Publishing.Database\Systemic.Sif.Demo.Publishing.Database.csproj", "{4576C18C-6D7C-402F-825A-2371EC18A266}"
EndProject
Project("{FAE04EC0-301F-11D3-BF4B-00C04F79EFBC}") = "Systemic.Sif.Test.Fixture", "Systemic.Sif.Test.Fixture\Systemic.Sif.Test.Fixture.csproj", "{61A023F7-A3BB-4DA2-A021-DF8D094E4637}"
EndProject
Global
	GlobalSection(SolutionConfigurationPlatforms) = preSolution
		Debug|Any CPU = Debug|Any CPU
		Debug|Mixed Platforms = Debug|Mixed Platforms
		Debug|x86 = Debug|x86
		Eval|Any CPU = Eval|Any CPU
		Eval|Mixed Platforms = Eval|Mixed Platforms
		Eval|x86 = Eval|x86
		Internal|Any CPU = Internal|Any CPU
		Internal|Mixed Platforms = Internal|Mixed Platforms
		Internal|x86 = Internal|x86
		Release|Any CPU = Release|Any CPU
		Release|Mixed Platforms = Release|Mixed Platforms
		Release|x86 = Release|x86
		ReleaseDocs|Any CPU = ReleaseDocs|Any CPU
		ReleaseDocs|Mixed Platforms = ReleaseDocs|Mixed Platforms
		ReleaseDocs|x86 = ReleaseDocs|x86
	EndGlobalSection
	GlobalSection(ProjectConfigurationPlatforms) = postSolution
		{1CD821EA-8CEB-4CD3-821D-08B49A835D91}.Debug|Any CPU.ActiveCfg = Debug|Any CPU
		{1CD821EA-8CEB-4CD3-821D-08B49A835D91}.Debug|Any CPU.Build.0 = Debug|Any CPU
		{1CD821EA-8CEB-4CD3-821D-08B49A835D91}.Debug|Mixed Platforms.ActiveCfg = Debug|Any CPU
		{1CD821EA-8CEB-4CD3-821D-08B49A835D91}.Debug|Mixed Platforms.Build.0 = Debug|Any CPU
		{1CD821EA-8CEB-4CD3-821D-08B49A835D91}.Debug|x86.ActiveCfg = Debug|Any CPU
		{1CD821EA-8CEB-4CD3-821D-08B49A835D91}.Eval|Any CPU.ActiveCfg = Release|Any CPU
		{1CD821EA-8CEB-4CD3-821D-08B49A835D91}.Eval|Any CPU.Build.0 = Release|Any CPU
		{1CD821EA-8CEB-4CD3-821D-08B49A835D91}.Eval|Mixed Platforms.ActiveCfg = Release|Any CPU
		{1CD821EA-8CEB-4CD3-821D-08B49A835D91}.Eval|Mixed Platforms.Build.0 = Release|Any CPU
		{1CD821EA-8CEB-4CD3-821D-08B49A835D91}.Eval|x86.ActiveCfg = Release|Any CPU
		{1CD821EA-8CEB-4CD3-821D-08B49A835D91}.Eval|x86.Build.0 = Release|Any CPU
		{1CD821EA-8CEB-4CD3-821D-08B49A835D91}.Internal|Any CPU.ActiveCfg = Release|Any CPU
		{1CD821EA-8CEB-4CD3-821D-08B49A835D91}.Internal|Any CPU.Build.0 = Release|Any CPU
		{1CD821EA-8CEB-4CD3-821D-08B49A835D91}.Internal|Mixed Platforms.ActiveCfg = Release|Any CPU
		{1CD821EA-8CEB-4CD3-821D-08B49A835D91}.Internal|Mixed Platforms.Build.0 = Release|Any CPU
		{1CD821EA-8CEB-4CD3-821D-08B49A835D91}.Internal|x86.ActiveCfg = Release|Any CPU
		{1CD821EA-8CEB-4CD3-821D-08B49A835D91}.Internal|x86.Build.0 = Release|Any CPU
		{1CD821EA-8CEB-4CD3-821D-08B49A835D91}.Release|Any CPU.ActiveCfg = Release|Any CPU
		{1CD821EA-8CEB-4CD3-821D-08B49A835D91}.Release|Any CPU.Build.0 = Release|Any CPU
		{1CD821EA-8CEB-4CD3-821D-08B49A835D91}.Release|Mixed Platforms.ActiveCfg = Release|Any CPU
		{1CD821EA-8CEB-4CD3-821D-08B49A835D91}.Release|Mixed Platforms.Build.0 = Release|Any CPU
		{1CD821EA-8CEB-4CD3-821D-08B49A835D91}.Release|x86.ActiveCfg = Release|Any CPU
		{1CD821EA-8CEB-4CD3-821D-08B49A835D91}.ReleaseDocs|Any CPU.ActiveCfg = Release|Any CPU
		{1CD821EA-8CEB-4CD3-821D-08B49A835D91}.ReleaseDocs|Any CPU.Build.0 = Release|Any CPU
		{1CD821EA-8CEB-4CD3-821D-08B49A835D91}.ReleaseDocs|Mixed Platforms.ActiveCfg = Release|Any CPU
		{1CD821EA-8CEB-4CD3-821D-08B49A835D91}.ReleaseDocs|Mixed Platforms.Build.0 = Release|Any CPU
		{1CD821EA-8CEB-4CD3-821D-08B49A835D91}.ReleaseDocs|x86.ActiveCfg = Release|Any CPU
		{1CD821EA-8CEB-4CD3-821D-08B49A835D91}.ReleaseDocs|x86.Build.0 = Release|Any CPU
		{1E0FACD7-FE96-4ABF-968B-FB0CB3A7C3AC}.Debug|Any CPU.ActiveCfg = Debug|x86
		{1E0FACD7-FE96-4ABF-968B-FB0CB3A7C3AC}.Debug|Mixed Platforms.ActiveCfg = Debug|x86
		{1E0FACD7-FE96-4ABF-968B-FB0CB3A7C3AC}.Debug|Mixed Platforms.Build.0 = Debug|x86
		{1E0FACD7-FE96-4ABF-968B-FB0CB3A7C3AC}.Debug|x86.ActiveCfg = Debug|x86
		{1E0FACD7-FE96-4ABF-968B-FB0CB3A7C3AC}.Debug|x86.Build.0 = Debug|x86
		{1E0FACD7-FE96-4ABF-968B-FB0CB3A7C3AC}.Eval|Any CPU.ActiveCfg = Release|x86
		{1E0FACD7-FE96-4ABF-968B-FB0CB3A7C3AC}.Eval|Any CPU.Build.0 = Release|x86
		{1E0FACD7-FE96-4ABF-968B-FB0CB3A7C3AC}.Eval|Mixed Platforms.ActiveCfg = Release|x86
		{1E0FACD7-FE96-4ABF-968B-FB0CB3A7C3AC}.Eval|Mixed Platforms.Build.0 = Release|x86
		{1E0FACD7-FE96-4ABF-968B-FB0CB3A7C3AC}.Eval|x86.ActiveCfg = Release|x86
		{1E0FACD7-FE96-4ABF-968B-FB0CB3A7C3AC}.Eval|x86.Build.0 = Release|x86
		{1E0FACD7-FE96-4ABF-968B-FB0CB3A7C3AC}.Internal|Any CPU.ActiveCfg = Release|x86
		{1E0FACD7-FE96-4ABF-968B-FB0CB3A7C3AC}.Internal|Any CPU.Build.0 = Release|x86
		{1E0FACD7-FE96-4ABF-968B-FB0CB3A7C3AC}.Internal|Mixed Platforms.ActiveCfg = Release|x86
		{1E0FACD7-FE96-4ABF-968B-FB0CB3A7C3AC}.Internal|Mixed Platforms.Build.0 = Release|x86
		{1E0FACD7-FE96-4ABF-968B-FB0CB3A7C3AC}.Internal|x86.ActiveCfg = Release|x86
		{1E0FACD7-FE96-4ABF-968B-FB0CB3A7C3AC}.Internal|x86.Build.0 = Release|x86
		{1E0FACD7-FE96-4ABF-968B-FB0CB3A7C3AC}.Release|Any CPU.ActiveCfg = Release|x86
		{1E0FACD7-FE96-4ABF-968B-FB0CB3A7C3AC}.Release|Mixed Platforms.ActiveCfg = Release|x86
		{1E0FACD7-FE96-4ABF-968B-FB0CB3A7C3AC}.Release|Mixed Platforms.Build.0 = Release|x86
		{1E0FACD7-FE96-4ABF-968B-FB0CB3A7C3AC}.Release|x86.ActiveCfg = Release|x86
		{1E0FACD7-FE96-4ABF-968B-FB0CB3A7C3AC}.Release|x86.Build.0 = Release|x86
		{1E0FACD7-FE96-4ABF-968B-FB0CB3A7C3AC}.ReleaseDocs|Any CPU.ActiveCfg = Release|x86
		{1E0FACD7-FE96-4ABF-968B-FB0CB3A7C3AC}.ReleaseDocs|Any CPU.Build.0 = Release|x86
		{1E0FACD7-FE96-4ABF-968B-FB0CB3A7C3AC}.ReleaseDocs|Mixed Platforms.ActiveCfg = Release|x86
		{1E0FACD7-FE96-4ABF-968B-FB0CB3A7C3AC}.ReleaseDocs|Mixed Platforms.Build.0 = Release|x86
		{1E0FACD7-FE96-4ABF-968B-FB0CB3A7C3AC}.ReleaseDocs|x86.ActiveCfg = Release|x86
		{1E0FACD7-FE96-4ABF-968B-FB0CB3A7C3AC}.ReleaseDocs|x86.Build.0 = Release|x86
		{27839B8F-6959-4360-9564-65137C17C192}.Debug|Any CPU.ActiveCfg = Debug|x86
		{27839B8F-6959-4360-9564-65137C17C192}.Debug|Mixed Platforms.ActiveCfg = Debug|x86
		{27839B8F-6959-4360-9564-65137C17C192}.Debug|Mixed Platforms.Build.0 = Debug|x86
		{27839B8F-6959-4360-9564-65137C17C192}.Debug|x86.ActiveCfg = Debug|x86
		{27839B8F-6959-4360-9564-65137C17C192}.Debug|x86.Build.0 = Debug|x86
		{27839B8F-6959-4360-9564-65137C17C192}.Eval|Any CPU.ActiveCfg = Release|x86
		{27839B8F-6959-4360-9564-65137C17C192}.Eval|Any CPU.Build.0 = Release|x86
		{27839B8F-6959-4360-9564-65137C17C192}.Eval|Mixed Platforms.ActiveCfg = Release|x86
		{27839B8F-6959-4360-9564-65137C17C192}.Eval|Mixed Platforms.Build.0 = Release|x86
		{27839B8F-6959-4360-9564-65137C17C192}.Eval|x86.ActiveCfg = Release|x86
		{27839B8F-6959-4360-9564-65137C17C192}.Eval|x86.Build.0 = Release|x86
		{27839B8F-6959-4360-9564-65137C17C192}.Internal|Any CPU.ActiveCfg = Release|x86
		{27839B8F-6959-4360-9564-65137C17C192}.Internal|Any CPU.Build.0 = Release|x86
		{27839B8F-6959-4360-9564-65137C17C192}.Internal|Mixed Platforms.ActiveCfg = Release|x86
		{27839B8F-6959-4360-9564-65137C17C192}.Internal|Mixed Platforms.Build.0 = Release|x86
		{27839B8F-6959-4360-9564-65137C17C192}.Internal|x86.ActiveCfg = Release|x86
		{27839B8F-6959-4360-9564-65137C17C192}.Internal|x86.Build.0 = Release|x86
		{27839B8F-6959-4360-9564-65137C17C192}.Release|Any CPU.ActiveCfg = Release|x86
		{27839B8F-6959-4360-9564-65137C17C192}.Release|Mixed Platforms.ActiveCfg = Release|x86
		{27839B8F-6959-4360-9564-65137C17C192}.Release|Mixed Platforms.Build.0 = Release|x86
		{27839B8F-6959-4360-9564-65137C17C192}.Release|x86.ActiveCfg = Release|x86
		{27839B8F-6959-4360-9564-65137C17C192}.Release|x86.Build.0 = Release|x86
		{27839B8F-6959-4360-9564-65137C17C192}.ReleaseDocs|Any CPU.ActiveCfg = Release|x86
		{27839B8F-6959-4360-9564-65137C17C192}.ReleaseDocs|Any CPU.Build.0 = Release|x86
		{27839B8F-6959-4360-9564-65137C17C192}.ReleaseDocs|Mixed Platforms.ActiveCfg = Release|x86
		{27839B8F-6959-4360-9564-65137C17C192}.ReleaseDocs|Mixed Platforms.Build.0 = Release|x86
		{27839B8F-6959-4360-9564-65137C17C192}.ReleaseDocs|x86.ActiveCfg = Release|x86
		{27839B8F-6959-4360-9564-65137C17C192}.ReleaseDocs|x86.Build.0 = Release|x86
		{7FC01CB4-49EE-4BCE-AF18-53CC3A4BC3BF}.Debug|Any CPU.ActiveCfg = Debug|x86
		{7FC01CB4-49EE-4BCE-AF18-53CC3A4BC3BF}.Debug|Mixed Platforms.ActiveCfg = Debug|x86
		{7FC01CB4-49EE-4BCE-AF18-53CC3A4BC3BF}.Debug|Mixed Platforms.Build.0 = Debug|x86
		{7FC01CB4-49EE-4BCE-AF18-53CC3A4BC3BF}.Debug|x86.ActiveCfg = Debug|x86
		{7FC01CB4-49EE-4BCE-AF18-53CC3A4BC3BF}.Debug|x86.Build.0 = Debug|x86
		{7FC01CB4-49EE-4BCE-AF18-53CC3A4BC3BF}.Eval|Any CPU.ActiveCfg = Release|x86
		{7FC01CB4-49EE-4BCE-AF18-53CC3A4BC3BF}.Eval|Any CPU.Build.0 = Release|x86
		{7FC01CB4-49EE-4BCE-AF18-53CC3A4BC3BF}.Eval|Mixed Platforms.ActiveCfg = Release|x86
		{7FC01CB4-49EE-4BCE-AF18-53CC3A4BC3BF}.Eval|Mixed Platforms.Build.0 = Release|x86
		{7FC01CB4-49EE-4BCE-AF18-53CC3A4BC3BF}.Eval|x86.ActiveCfg = Release|x86
		{7FC01CB4-49EE-4BCE-AF18-53CC3A4BC3BF}.Eval|x86.Build.0 = Release|x86
		{7FC01CB4-49EE-4BCE-AF18-53CC3A4BC3BF}.Internal|Any CPU.ActiveCfg = Release|x86
		{7FC01CB4-49EE-4BCE-AF18-53CC3A4BC3BF}.Internal|Any CPU.Build.0 = Release|x86
		{7FC01CB4-49EE-4BCE-AF18-53CC3A4BC3BF}.Internal|Mixed Platforms.ActiveCfg = Release|x86
		{7FC01CB4-49EE-4BCE-AF18-53CC3A4BC3BF}.Internal|Mixed Platforms.Build.0 = Release|x86
		{7FC01CB4-49EE-4BCE-AF18-53CC3A4BC3BF}.Internal|x86.ActiveCfg = Release|x86
		{7FC01CB4-49EE-4BCE-AF18-53CC3A4BC3BF}.Internal|x86.Build.0 = Release|x86
		{7FC01CB4-49EE-4BCE-AF18-53CC3A4BC3BF}.Release|Any CPU.ActiveCfg = Release|x86
		{7FC01CB4-49EE-4BCE-AF18-53CC3A4BC3BF}.Release|Mixed Platforms.ActiveCfg = Release|x86
		{7FC01CB4-49EE-4BCE-AF18-53CC3A4BC3BF}.Release|Mixed Platforms.Build.0 = Release|x86
		{7FC01CB4-49EE-4BCE-AF18-53CC3A4BC3BF}.Release|x86.ActiveCfg = Release|x86
		{7FC01CB4-49EE-4BCE-AF18-53CC3A4BC3BF}.Release|x86.Build.0 = Release|x86
		{7FC01CB4-49EE-4BCE-AF18-53CC3A4BC3BF}.ReleaseDocs|Any CPU.ActiveCfg = Release|x86
		{7FC01CB4-49EE-4BCE-AF18-53CC3A4BC3BF}.ReleaseDocs|Any CPU.Build.0 = Release|x86
		{7FC01CB4-49EE-4BCE-AF18-53CC3A4BC3BF}.ReleaseDocs|Mixed Platforms.ActiveCfg = Release|x86
		{7FC01CB4-49EE-4BCE-AF18-53CC3A4BC3BF}.ReleaseDocs|Mixed Platforms.Build.0 = Release|x86
		{7FC01CB4-49EE-4BCE-AF18-53CC3A4BC3BF}.ReleaseDocs|x86.ActiveCfg = Release|x86
		{7FC01CB4-49EE-4BCE-AF18-53CC3A4BC3BF}.ReleaseDocs|x86.Build.0 = Release|x86
		{4576C18C-6D7C-402F-825A-2371EC18A266}.Debug|Any CPU.ActiveCfg = Debug|x86
		{4576C18C-6D7C-402F-825A-2371EC18A266}.Debug|Mixed Platforms.ActiveCfg = Debug|x86
		{4576C18C-6D7C-402F-825A-2371EC18A266}.Debug|Mixed Platforms.Build.0 = Debug|x86
		{4576C18C-6D7C-402F-825A-2371EC18A266}.Debug|x86.ActiveCfg = Debug|x86
		{4576C18C-6D7C-402F-825A-2371EC18A266}.Debug|x86.Build.0 = Debug|x86
		{4576C18C-6D7C-402F-825A-2371EC18A266}.Eval|Any CPU.ActiveCfg = Release|x86
		{4576C18C-6D7C-402F-825A-2371EC18A266}.Eval|Any CPU.Build.0 = Release|x86
		{4576C18C-6D7C-402F-825A-2371EC18A266}.Eval|Mixed Platforms.ActiveCfg = Release|x86
		{4576C18C-6D7C-402F-825A-2371EC18A266}.Eval|Mixed Platforms.Build.0 = Release|x86
		{4576C18C-6D7C-402F-825A-2371EC18A266}.Eval|x86.ActiveCfg = Release|x86
		{4576C18C-6D7C-402F-825A-2371EC18A266}.Eval|x86.Build.0 = Release|x86
		{4576C18C-6D7C-402F-825A-2371EC18A266}.Internal|Any CPU.ActiveCfg = Release|x86
		{4576C18C-6D7C-402F-825A-2371EC18A266}.Internal|Any CPU.Build.0 = Release|x86
		{4576C18C-6D7C-402F-825A-2371EC18A266}.Internal|Mixed Platforms.ActiveCfg = Release|x86
		{4576C18C-6D7C-402F-825A-2371EC18A266}.Internal|Mixed Platforms.Build.0 = Release|x86
		{4576C18C-6D7C-402F-825A-2371EC18A266}.Internal|x86.ActiveCfg = Release|x86
		{4576C18C-6D7C-402F-825A-2371EC18A266}.Internal|x86.Build.0 = Release|x86
		{4576C18C-6D7C-402F-825A-2371EC18A266}.Release|Any CPU.ActiveCfg = Release|x86
		{4576C18C-6D7C-402F-825A-2371EC18A266}.Release|Mixed Platforms.ActiveCfg = Release|x86
		{4576C18C-6D7C-402F-825A-2371EC18A266}.Release|Mixed Platforms.Build.0 = Release|x86
		{4576C18C-6D7C-402F-825A-2371EC18A266}.Release|x86.ActiveCfg = Release|x86
		{4576C18C-6D7C-402F-825A-2371EC18A266}.Release|x86.Build.0 = Release|x86
		{4576C18C-6D7C-402F-825A-2371EC18A266}.ReleaseDocs|Any CPU.ActiveCfg = Release|x86
		{4576C18C-6D7C-402F-825A-2371EC18A266}.ReleaseDocs|Any CPU.Build.0 = Release|x86
		{4576C18C-6D7C-402F-825A-2371EC18A266}.ReleaseDocs|Mixed Platforms.ActiveCfg = Release|x86
		{4576C18C-6D7C-402F-825A-2371EC18A266}.ReleaseDocs|Mixed Platforms.Build.0 = Release|x86
		{4576C18C-6D7C-402F-825A-2371EC18A266}.ReleaseDocs|x86.ActiveCfg = Release|x86
		{4576C18C-6D7C-402F-825A-2371EC18A266}.ReleaseDocs|x86.Build.0 = Release|x86
		{61A023F7-A3BB-4DA2-A021-DF8D094E4637}.Debug|Any CPU.ActiveCfg = Debug|Any CPU
		{61A023F7-A3BB-4DA2-A021-DF8D094E4637}.Debug|Any CPU.Build.0 = Debug|Any CPU
		{61A023F7-A3BB-4DA2-A021-DF8D094E4637}.Debug|Mixed Platforms.ActiveCfg = Debug|Any CPU
		{61A023F7-A3BB-4DA2-A021-DF8D094E4637}.Debug|Mixed Platforms.Build.0 = Debug|Any CPU
		{61A023F7-A3BB-4DA2-A021-DF8D094E4637}.Debug|x86.ActiveCfg = Debug|Any CPU
		{61A023F7-A3BB-4DA2-A021-DF8D094E4637}.Eval|Any CPU.ActiveCfg = Release|Any CPU
		{61A023F7-A3BB-4DA2-A021-DF8D094E4637}.Eval|Any CPU.Build.0 = Release|Any CPU
		{61A023F7-A3BB-4DA2-A021-DF8D094E4637}.Eval|Mixed Platforms.ActiveCfg = Release|Any CPU
		{61A023F7-A3BB-4DA2-A021-DF8D094E4637}.Eval|Mixed Platforms.Build.0 = Release|Any CPU
		{61A023F7-A3BB-4DA2-A021-DF8D094E4637}.Eval|x86.ActiveCfg = Release|Any CPU
		{61A023F7-A3BB-4DA2-A021-DF8D094E4637}.Eval|x86.Build.0 = Release|Any CPU
		{61A023F7-A3BB-4DA2-A021-DF8D094E4637}.Internal|Any CPU.ActiveCfg = Release|Any CPU
		{61A023F7-A3BB-4DA2-A021-DF8D094E4637}.Internal|Any CPU.Build.0 = Release|Any CPU
		{61A023F7-A3BB-4DA2-A021-DF8D094E4637}.Internal|Mixed Platforms.ActiveCfg = Release|Any CPU
		{61A023F7-A3BB-4DA2-A021-DF8D094E4637}.Internal|Mixed Platforms.Build.0 = Release|Any CPU
		{61A023F7-A3BB-4DA2-A021-DF8D094E4637}.Internal|x86.ActiveCfg = Release|Any CPU
		{61A023F7-A3BB-4DA2-A021-DF8D094E4637}.Internal|x86.Build.0 = Release|Any CPU
		{61A023F7-A3BB-4DA2-A021-DF8D094E4637}.Release|Any CPU.ActiveCfg = Release|Any CPU
		{61A023F7-A3BB-4DA2-A021-DF8D094E4637}.Release|Any CPU.Build.0 = Release|Any CPU
		{61A023F7-A3BB-4DA2-A021-DF8D094E4637}.Release|Mixed Platforms.ActiveCfg = Release|Any CPU
		{61A023F7-A3BB-4DA2-A021-DF8D094E4637}.Release|Mixed Platforms.Build.0 = Release|Any CPU
		{61A023F7-A3BB-4DA2-A021-DF8D094E4637}.Release|x86.ActiveCfg = Release|Any CPU
		{61A023F7-A3BB-4DA2-A021-DF8D094E4637}.ReleaseDocs|Any CPU.ActiveCfg = Release|Any CPU
		{61A023F7-A3BB-4DA2-A021-DF8D094E4637}.ReleaseDocs|Any CPU.Build.0 = Release|Any CPU
		{61A023F7-A3BB-4DA2-A021-DF8D094E4637}.ReleaseDocs|Mixed Platforms.ActiveCfg = Release|Any CPU
		{61A023F7-A3BB-4DA2-A021-DF8D094E4637}.ReleaseDocs|Mixed Platforms.Build.0 = Release|Any CPU
		{61A023F7-A3BB-4DA2-A021-DF8D094E4637}.ReleaseDocs|x86.ActiveCfg = Release|Any CPU
		{61A023F7-A3BB-4DA2-A021-DF8D094E4637}.ReleaseDocs|x86.Build.0 = Release|Any CPU
	EndGlobalSection
	GlobalSection(SolutionProperties) = preSolution
		HideSolutionNode = FALSE
	EndGlobalSection
EndGlobal
